
Microsoft Visual Studio Solution File, Format Version 12.00
# Visual Studio Version 17
VisualStudioVersion = 17.1.32319.34
MinimumVisualStudioVersion = 10.0.40219.1
Project("{FAE04EC0-301F-11D3-BF4B-00C04F79EFBC}") = "FunctionApp1", "FunctionApp1.csproj", "{A0DC35EC-6C68-4B45-BA80-65A35548D5A3}"
EndProject
Global
	GlobalSection(SolutionConfigurationPlatforms) = preSolution
		Debug|Any CPU = Debug|Any CPU
		Release|Any CPU = Release|Any CPU
	EndGlobalSection
	GlobalSection(ProjectConfigurationPlatforms) = postSolution
		{A0DC35EC-6C68-4B45-BA80-65A35548D5A3}.Debug|Any CPU.ActiveCfg = Debug|Any CPU
		{A0DC35EC-6C68-4B45-BA80-65A35548D5A3}.Debug|Any CPU.Build.0 = Debug|Any CPU
		{A0DC35EC-6C68-4B45-BA80-65A35548D5A3}.Release|Any CPU.ActiveCfg = Release|Any CPU
		{A0DC35EC-6C68-4B45-BA80-65A35548D5A3}.Release|Any CPU.Build.0 = Release|Any CPU
	EndGlobalSection
	GlobalSection(SolutionProperties) = preSolution
		HideSolutionNode = FALSE
	EndGlobalSection
	GlobalSection(ExtensibilityGlobals) = postSolution
		SolutionGuid = {A795EAE8-C262-4609-B200-B665F680828F}
	EndGlobalSection
EndGlobal
